
Microsoft Visual Studio Solution File, Format Version 12.00
# Visual Studio 15
VisualStudioVersion = 15.0.28307.705
MinimumVisualStudioVersion = 10.0.40219.1
Project("{9A19103F-16F7-4668-BE54-9A1E7A4F7556}") = "MassTransit.RabbitMQ.WindowsService", "MassTransit.RabbitMQ.WindowsService\MassTransit.RabbitMQ.WindowsService.csproj", "{D530B291-BE56-47A9-A186-A8EDD124769A}"
EndProject
Project("{9A19103F-16F7-4668-BE54-9A1E7A4F7556}") = "MassTransit.RabbitMQ.Common", "MassTransit.RabbitMQ.Common\MassTransit.RabbitMQ.Common.csproj", "{0FB7676A-DD84-4723-99EA-0D37C4FE310F}"
EndProject
Project("{FAE04EC0-301F-11D3-BF4B-00C04F79EFBC}") = "MassTransit.RabbitMQ.ConsoleApp", "MassTransit.RabbitMQ.ConsoleApp\MassTransit.RabbitMQ.ConsoleApp.csproj", "{3F96062D-8AF0-4A8D-9C33-F65A64EF0BB2}"
EndProject
Global
	GlobalSection(SolutionConfigurationPlatforms) = preSolution
		Debug|Any CPU = Debug|Any CPU
		Release|Any CPU = Release|Any CPU
	EndGlobalSection
	GlobalSection(ProjectConfigurationPlatforms) = postSolution
		{D530B291-BE56-47A9-A186-A8EDD124769A}.Debug|Any CPU.ActiveCfg = Debug|Any CPU
		{D530B291-BE56-47A9-A186-A8EDD124769A}.Debug|Any CPU.Build.0 = Debug|Any CPU
		{D530B291-BE56-47A9-A186-A8EDD124769A}.Release|Any CPU.ActiveCfg = Release|Any CPU
		{D530B291-BE56-47A9-A186-A8EDD124769A}.Release|Any CPU.Build.0 = Release|Any CPU
		{0FB7676A-DD84-4723-99EA-0D37C4FE310F}.Debug|Any CPU.ActiveCfg = Debug|Any CPU
		{0FB7676A-DD84-4723-99EA-0D37C4FE310F}.Debug|Any CPU.Build.0 = Debug|Any CPU
		{0FB7676A-DD84-4723-99EA-0D37C4FE310F}.Release|Any CPU.ActiveCfg = Release|Any CPU
		{0FB7676A-DD84-4723-99EA-0D37C4FE310F}.Release|Any CPU.Build.0 = Release|Any CPU
		{3F96062D-8AF0-4A8D-9C33-F65A64EF0BB2}.Debug|Any CPU.ActiveCfg = Debug|Any CPU
		{3F96062D-8AF0-4A8D-9C33-F65A64EF0BB2}.Debug|Any CPU.Build.0 = Debug|Any CPU
		{3F96062D-8AF0-4A8D-9C33-F65A64EF0BB2}.Release|Any CPU.ActiveCfg = Release|Any CPU
		{3F96062D-8AF0-4A8D-9C33-F65A64EF0BB2}.Release|Any CPU.Build.0 = Release|Any CPU
	EndGlobalSection
	GlobalSection(SolutionProperties) = preSolution
		HideSolutionNode = FALSE
	EndGlobalSection
	GlobalSection(ExtensibilityGlobals) = postSolution
		SolutionGuid = {5B9E6EFE-D27F-44DA-9501-F4B1E7285FC3}
	EndGlobalSection
EndGlobal
